
Microsoft Visual Studio Solution File, Format Version 12.00
# Visual Studio Version 17
VisualStudioVersion = 17.9.34616.47
MinimumVisualStudioVersion = 10.0.40219.1
Project("{FAE04EC0-301F-11D3-BF4B-00C04F79EFBC}") = "TrabajoFinal", "TrabajoFinal.csproj", "{AB3DBF10-93D5-4E71-BFDF-68C321CF324D}"
EndProject
Global
	GlobalSection(SolutionConfigurationPlatforms) = preSolution
		Debug|Any CPU = Debug|Any CPU
		Release|Any CPU = Release|Any CPU
	EndGlobalSection
	GlobalSection(ProjectConfigurationPlatforms) = postSolution
		{AB3DBF10-93D5-4E71-BFDF-68C321CF324D}.Debug|Any CPU.ActiveCfg = Debug|Any CPU
		{AB3DBF10-93D5-4E71-BFDF-68C321CF324D}.Debug|Any CPU.Build.0 = Debug|Any CPU
		{AB3DBF10-93D5-4E71-BFDF-68C321CF324D}.Release|Any CPU.ActiveCfg = Release|Any CPU
		{AB3DBF10-93D5-4E71-BFDF-68C321CF324D}.Release|Any CPU.Build.0 = Release|Any CPU
	EndGlobalSection
	GlobalSection(SolutionProperties) = preSolution
		HideSolutionNode = FALSE
	EndGlobalSection
	GlobalSection(ExtensibilityGlobals) = postSolution
		SolutionGuid = {CB8668D0-01A1-48B0-95DC-22B474F07091}
	EndGlobalSection
EndGlobal
